
Microsoft Visual Studio Solution File, Format Version 12.00
# Visual Studio Version 17
VisualStudioVersion = 17.8.34330.188
MinimumVisualStudioVersion = 10.0.40219.1
Project("{FAE04EC0-301F-11D3-BF4B-00C04F79EFBC}") = "task", "task\task.csproj", "{D0865458-CDA4-48C4-B94F-7AE6891A74AA}"
EndProject
Global
	GlobalSection(SolutionConfigurationPlatforms) = preSolution
		Debug|Any CPU = Debug|Any CPU
		Release|Any CPU = Release|Any CPU
	EndGlobalSection
	GlobalSection(ProjectConfigurationPlatforms) = postSolution
		{D0865458-CDA4-48C4-B94F-7AE6891A74AA}.Debug|Any CPU.ActiveCfg = Debug|Any CPU
		{D0865458-CDA4-48C4-B94F-7AE6891A74AA}.Debug|Any CPU.Build.0 = Debug|Any CPU
		{D0865458-CDA4-48C4-B94F-7AE6891A74AA}.Release|Any CPU.ActiveCfg = Release|Any CPU
		{D0865458-CDA4-48C4-B94F-7AE6891A74AA}.Release|Any CPU.Build.0 = Release|Any CPU
	EndGlobalSection
	GlobalSection(SolutionProperties) = preSolution
		HideSolutionNode = FALSE
	EndGlobalSection
	GlobalSection(ExtensibilityGlobals) = postSolution
		SolutionGuid = {4891D29C-4A66-434C-B45C-DD9AD5BE042D}
	EndGlobalSection
EndGlobal
